
Microsoft Visual Studio Solution File, Format Version 12.00
# Visual Studio Version 16
VisualStudioVersion = 16.0.31624.102
MinimumVisualStudioVersion = 10.0.40219.1
Project("{FAE04EC0-301F-11D3-BF4B-00C04F79EFBC}") = "AssessmentTest", "AssessmentTest.csproj", "{22F85D23-70CB-4A4C-9A98-2BBE262D77F2}"
EndProject
Global
	GlobalSection(SolutionConfigurationPlatforms) = preSolution
		Debug|Any CPU = Debug|Any CPU
		Release|Any CPU = Release|Any CPU
	EndGlobalSection
	GlobalSection(ProjectConfigurationPlatforms) = postSolution
		{22F85D23-70CB-4A4C-9A98-2BBE262D77F2}.Debug|Any CPU.ActiveCfg = Debug|Any CPU
		{22F85D23-70CB-4A4C-9A98-2BBE262D77F2}.Debug|Any CPU.Build.0 = Debug|Any CPU
		{22F85D23-70CB-4A4C-9A98-2BBE262D77F2}.Release|Any CPU.ActiveCfg = Release|Any CPU
		{22F85D23-70CB-4A4C-9A98-2BBE262D77F2}.Release|Any CPU.Build.0 = Release|Any CPU
	EndGlobalSection
	GlobalSection(SolutionProperties) = preSolution
		HideSolutionNode = FALSE
	EndGlobalSection
	GlobalSection(ExtensibilityGlobals) = postSolution
		SolutionGuid = {803200B0-AA6A-4C38-A1AD-175C280FA655}
	EndGlobalSection
EndGlobal
